
Microsoft Visual Studio Solution File, Format Version 12.00
# Visual Studio Version 16
VisualStudioVersion = 16.0.31005.135
MinimumVisualStudioVersion = 10.0.40219.1
Project("{9A19103F-16F7-4668-BE54-9A1E7A4F7556}") = "WDLT.Clients.Youtube", "WDLT.Clients.Youtube\WDLT.Clients.Youtube.csproj", "{AE261AEE-0F56-48B5-9EDD-613059694F44}"
EndProject
Project("{2150E333-8FDC-42A3-9474-1A3956D46DE8}") = "submodules", "submodules", "{0521DFEC-F604-4FD4-8E02-3E1B131BA762}"
EndProject
Project("{9A19103F-16F7-4668-BE54-9A1E7A4F7556}") = "WDLT.Clients.Base", "WDLT.Clients.Base\WDLT.Clients.Base\WDLT.Clients.Base.csproj", "{A653D604-4F4D-4300-9D61-DFEF455C9398}"
EndProject
Global
	GlobalSection(SolutionConfigurationPlatforms) = preSolution
		Debug|Any CPU = Debug|Any CPU
		Release|Any CPU = Release|Any CPU
	EndGlobalSection
	GlobalSection(ProjectConfigurationPlatforms) = postSolution
		{AE261AEE-0F56-48B5-9EDD-613059694F44}.Debug|Any CPU.ActiveCfg = Debug|Any CPU
		{AE261AEE-0F56-48B5-9EDD-613059694F44}.Debug|Any CPU.Build.0 = Debug|Any CPU
		{AE261AEE-0F56-48B5-9EDD-613059694F44}.Release|Any CPU.ActiveCfg = Release|Any CPU
		{AE261AEE-0F56-48B5-9EDD-613059694F44}.Release|Any CPU.Build.0 = Release|Any CPU
		{A653D604-4F4D-4300-9D61-DFEF455C9398}.Debug|Any CPU.ActiveCfg = Debug|Any CPU
		{A653D604-4F4D-4300-9D61-DFEF455C9398}.Debug|Any CPU.Build.0 = Debug|Any CPU
		{A653D604-4F4D-4300-9D61-DFEF455C9398}.Release|Any CPU.ActiveCfg = Release|Any CPU
		{A653D604-4F4D-4300-9D61-DFEF455C9398}.Release|Any CPU.Build.0 = Release|Any CPU
	EndGlobalSection
	GlobalSection(SolutionProperties) = preSolution
		HideSolutionNode = FALSE
	EndGlobalSection
	GlobalSection(NestedProjects) = preSolution
		{A653D604-4F4D-4300-9D61-DFEF455C9398} = {0521DFEC-F604-4FD4-8E02-3E1B131BA762}
	EndGlobalSection
	GlobalSection(ExtensibilityGlobals) = postSolution
		SolutionGuid = {32AC6409-09CB-4D66-A23C-A1B5C1C0FC27}
	EndGlobalSection
EndGlobal
